{
  "requires": true,
  "lockfileVersion": 1,
  "dependencies": {
    "livereload-js": {
      "version": "3.3.2",
      "resolved": "https://registry.npmjs.org/livereload-js/-/livereload-js-3.3.2.tgz",
      "integrity": "sha512-w677WnINxFkuixAoUEXOStewzLYGI76XVag+0JWMMEyjJQKs0ibWZMxkTlB96Lm3EjZ7IeOxVziBEbtxVQqQZA=="
    }
  }
}
